{
  "requires": true,
  "lockfileVersion": 1,
  "dependencies": {
    "create-next-app": {
      "version": "9.5.4",
      "resolved": "https://registry.npmjs.org/create-next-app/-/create-next-app-9.5.4.tgz",
      "integrity": "sha512-LBs4iZZgtBnkk3imtVTTb9nmbhxjH3/hKjRpbYNf0I1yKehkRqeUYN9fPiw37Waoz6ugGmjdQnL9VlhSWyesUg=="
    }
  }
}
